
Microsoft Visual Studio Solution File, Format Version 12.00
# Visual Studio 2012
Project("{FAE04EC0-301F-11D3-BF4B-00C04F79EFBC}") = "01.CartesianCoordinateSystem", "01.CartesianCoordinateSystem\01.CartesianCoordinateSystem.csproj", "{66CD0881-660C-417C-9CBB-890B7F2D5C02}"
EndProject
Project("{FAE04EC0-301F-11D3-BF4B-00C04F79EFBC}") = "02.ShipDamage", "02.ShipDamage\02.ShipDamage.csproj", "{5D1D290A-B229-451E-BF68-CBDD3F93E619}"
EndProject
Project("{FAE04EC0-301F-11D3-BF4B-00C04F79EFBC}") = "03.FighterAttack", "03.FighterAttack\03.FighterAttack.csproj", "{70C346BC-8C67-4AAB-90EE-EC3432C951B8}"
EndProject
Project("{FAE04EC0-301F-11D3-BF4B-00C04F79EFBC}") = "04.DateTime", "04.DateTime\04.DateTime.csproj", "{04D180C0-5A57-4EDA-B6C7-2AA48EE42CA9}"
EndProject
Project("{FAE04EC0-301F-11D3-BF4B-00C04F79EFBC}") = "05.Triple Rotation of Digits", "05.Triple Rotation of Digits\05.Triple Rotation of Digits.csproj", "{27C00450-1575-43A8-8A93-BE7AB53C98DC}"
EndProject
Project("{FAE04EC0-301F-11D3-BF4B-00C04F79EFBC}") = "06.UpDownGame", "06.UpDownGame\06.UpDownGame.csproj", "{3713AE49-7FDD-49F0-BD6B-238F0F84C64A}"
EndProject
Project("{FAE04EC0-301F-11D3-BF4B-00C04F79EFBC}") = "07.MissCat", "07.MissCat\07.MissCat.csproj", "{BB28E25A-143F-41E1-8969-72F55A86FCA2}"
EndProject
Project("{FAE04EC0-301F-11D3-BF4B-00C04F79EFBC}") = "08.ForestRoad", "08.ForestRoad\08.ForestRoad.csproj", "{77ECB91B-C899-464D-B81A-1796A5EF5A60}"
EndProject
Project("{FAE04EC0-301F-11D3-BF4B-00C04F79EFBC}") = "09.BinaryDigitsCount", "09.BinaryDigitsCount\09.BinaryDigitsCount.csproj", "{189FEC3C-FA51-45AF-9E65-CF50AB89E792}"
EndProject
Project("{FAE04EC0-301F-11D3-BF4B-00C04F79EFBC}") = "10.SubsetSums", "10.SubsetSums\10.SubsetSums.csproj", "{67D416F0-26A6-43F0-A4C4-D581F20BD26C}"
EndProject
Project("{FAE04EC0-301F-11D3-BF4B-00C04F79EFBC}") = "11.AstrologicalNumbers", "11.AstrologicalNumbers\11.AstrologicalNumbers.csproj", "{B49D7CB8-16AC-484F-8506-4C53D23C2B57}"
EndProject
Project("{FAE04EC0-301F-11D3-BF4B-00C04F79EFBC}") = "12.Tribonnaci", "12.Tribonnaci\12.Tribonnaci.csproj", "{733E1B1A-3AAE-4BA4-B38D-3E0F22B5FDD3}"
EndProject
Project("{FAE04EC0-301F-11D3-BF4B-00C04F79EFBC}") = "13.Quadronacci Rectangle", "13.Quadronacci Rectangle\13.Quadronacci Rectangle.csproj", "{03E27084-5B22-4314-AD63-EAD33E1BB523}"
EndProject
Project("{FAE04EC0-301F-11D3-BF4B-00C04F79EFBC}") = "14.LeastMajorityMultiple", "14.LeastMajorityMultiple\14.LeastMajorityMultiple.csproj", "{444F4218-BF28-435A-B092-8D20B19F81B6}"
EndProject
Project("{FAE04EC0-301F-11D3-BF4B-00C04F79EFBC}") = "15.Trapezoid", "15.Trapezoid\15.Trapezoid.csproj", "{46EC339C-A738-48AC-B810-EDEFFFB4BA1B}"
EndProject
Project("{FAE04EC0-301F-11D3-BF4B-00C04F79EFBC}") = "16.OddNumber", "16.OddNumber\16.OddNumber.csproj", "{AAE21713-59B1-4717-AF22-C5D59F4BCA2E}"
EndProject
Project("{FAE04EC0-301F-11D3-BF4B-00C04F79EFBC}") = "17.FallDown", "17.FallDown\17.FallDown.csproj", "{95F9D47D-F4B2-415A-BD68-CAFFDB7F51A8}"
EndProject
Project("{FAE04EC0-301F-11D3-BF4B-00C04F79EFBC}") = "18.FirTree", "18.FirTree\18.FirTree.csproj", "{E0F29FEC-74C4-432E-9087-710079B5C9BA}"
EndProject
Project("{FAE04EC0-301F-11D3-BF4B-00C04F79EFBC}") = "19.TelerikLogo", "19.TelerikLogo\19.TelerikLogo.csproj", "{3A56DBEB-BF37-4029-A91A-2F27AE4CD405}"
EndProject
Project("{FAE04EC0-301F-11D3-BF4B-00C04F79EFBC}") = "20.SandGlass", "20.SandGlass\20.SandGlass.csproj", "{A6170652-5A3E-43D4-91D1-34D293023D6F}"
EndProject
Project("{FAE04EC0-301F-11D3-BF4B-00C04F79EFBC}") = "21.Lines", "21.Lines\21.Lines.csproj", "{A2565032-BC59-421E-B457-DE65F683FB34}"
EndProject
Project("{FAE04EC0-301F-11D3-BF4B-00C04F79EFBC}") = "22.TribonacciTriangle", "22.TribonacciTriangle\22.TribonacciTriangle.csproj", "{762B1D2F-3772-4746-84AE-7184F1A34F5B}"
EndProject
Project("{FAE04EC0-301F-11D3-BF4B-00C04F79EFBC}") = "23.A-nacci", "23.A-nacci\23.A-nacci.csproj", "{58A91DA4-256E-4C16-8F4D-31A99F049884}"
EndProject
Project("{FAE04EC0-301F-11D3-BF4B-00C04F79EFBC}") = "24.ExcelColumns", "24.ExcelColumns\24.ExcelColumns.csproj", "{756C1706-86EB-4026-81BD-A5C343700FAC}"
EndProject
Project("{FAE04EC0-301F-11D3-BF4B-00C04F79EFBC}") = "25.BitBall", "25.BitBall\25.BitBall.csproj", "{E1E9DAC6-C99F-4553-A486-E84B193A3842}"
EndProject
Project("{FAE04EC0-301F-11D3-BF4B-00C04F79EFBC}") = "26.DancingBits", "26.DancingBalls\26.DancingBits.csproj", "{E1E05078-64E3-40A4-AF08-290CDE961069}"
EndProject
Project("{FAE04EC0-301F-11D3-BF4B-00C04F79EFBC}") = "27.Poker", "27.Poker\27.Poker.csproj", "{C7D3043F-FA54-4677-A415-23DDD91890BE}"
EndProject
Project("{FAE04EC0-301F-11D3-BF4B-00C04F79EFBC}") = "29.Carpets", "29.Carpets\29.Carpets.csproj", "{DAB73E0D-2A75-4871-B528-4F6411A3AAB9}"
EndProject
Project("{FAE04EC0-301F-11D3-BF4B-00C04F79EFBC}") = "28.AngryBits", "28.AngryBits\28.AngryBits.csproj", "{5971C3DD-0D04-40C0-AE4E-B0E5A434B5B1}"
EndProject
Project("{FAE04EC0-301F-11D3-BF4B-00C04F79EFBC}") = "30.FormulaBit1", "30.FormulaBit1\30.FormulaBit1.csproj", "{A19B22F6-166B-42A4-9610-76502AD4CC47}"
EndProject
Project("{FAE04EC0-301F-11D3-BF4B-00C04F79EFBC}") = "exercise", "exercise\exercise.csproj", "{C3B43DD3-D892-4F4A-B5D7-1E27E2039543}"
EndProject
Project("{FAE04EC0-301F-11D3-BF4B-00C04F79EFBC}") = "31.Pillars", "31.Pillars\31.Pillars.csproj", "{D85E5388-A1DA-4B4F-BFB7-E9B626947E45}"
EndProject
Project("{FAE04EC0-301F-11D3-BF4B-00C04F79EFBC}") = "32.AngryBits", "32.AngryBits\32.AngryBits.csproj", "{2EC1F256-1C15-409C-9F7C-B75495C91C15}"
EndProject
Global
	GlobalSection(SolutionConfigurationPlatforms) = preSolution
		Debug|Any CPU = Debug|Any CPU
		Release|Any CPU = Release|Any CPU
	EndGlobalSection
	GlobalSection(ProjectConfigurationPlatforms) = postSolution
		{66CD0881-660C-417C-9CBB-890B7F2D5C02}.Debug|Any CPU.ActiveCfg = Debug|Any CPU
		{66CD0881-660C-417C-9CBB-890B7F2D5C02}.Debug|Any CPU.Build.0 = Debug|Any CPU
		{66CD0881-660C-417C-9CBB-890B7F2D5C02}.Release|Any CPU.ActiveCfg = Release|Any CPU
		{66CD0881-660C-417C-9CBB-890B7F2D5C02}.Release|Any CPU.Build.0 = Release|Any CPU
		{5D1D290A-B229-451E-BF68-CBDD3F93E619}.Debug|Any CPU.ActiveCfg = Debug|Any CPU
		{5D1D290A-B229-451E-BF68-CBDD3F93E619}.Debug|Any CPU.Build.0 = Debug|Any CPU
		{5D1D290A-B229-451E-BF68-CBDD3F93E619}.Release|Any CPU.ActiveCfg = Release|Any CPU
		{5D1D290A-B229-451E-BF68-CBDD3F93E619}.Release|Any CPU.Build.0 = Release|Any CPU
		{70C346BC-8C67-4AAB-90EE-EC3432C951B8}.Debug|Any CPU.ActiveCfg = Debug|Any CPU
		{70C346BC-8C67-4AAB-90EE-EC3432C951B8}.Debug|Any CPU.Build.0 = Debug|Any CPU
		{70C346BC-8C67-4AAB-90EE-EC3432C951B8}.Release|Any CPU.ActiveCfg = Release|Any CPU
		{70C346BC-8C67-4AAB-90EE-EC3432C951B8}.Release|Any CPU.Build.0 = Release|Any CPU
		{04D180C0-5A57-4EDA-B6C7-2AA48EE42CA9}.Debug|Any CPU.ActiveCfg = Debug|Any CPU
		{04D180C0-5A57-4EDA-B6C7-2AA48EE42CA9}.Debug|Any CPU.Build.0 = Debug|Any CPU
		{04D180C0-5A57-4EDA-B6C7-2AA48EE42CA9}.Release|Any CPU.ActiveCfg = Release|Any CPU
		{04D180C0-5A57-4EDA-B6C7-2AA48EE42CA9}.Release|Any CPU.Build.0 = Release|Any CPU
		{27C00450-1575-43A8-8A93-BE7AB53C98DC}.Debug|Any CPU.ActiveCfg = Debug|Any CPU
		{27C00450-1575-43A8-8A93-BE7AB53C98DC}.Debug|Any CPU.Build.0 = Debug|Any CPU
		{27C00450-1575-43A8-8A93-BE7AB53C98DC}.Release|Any CPU.ActiveCfg = Release|Any CPU
		{27C00450-1575-43A8-8A93-BE7AB53C98DC}.Release|Any CPU.Build.0 = Release|Any CPU
		{3713AE49-7FDD-49F0-BD6B-238F0F84C64A}.Debug|Any CPU.ActiveCfg = Debug|Any CPU
		{3713AE49-7FDD-49F0-BD6B-238F0F84C64A}.Debug|Any CPU.Build.0 = Debug|Any CPU
		{3713AE49-7FDD-49F0-BD6B-238F0F84C64A}.Release|Any CPU.ActiveCfg = Release|Any CPU
		{3713AE49-7FDD-49F0-BD6B-238F0F84C64A}.Release|Any CPU.Build.0 = Release|Any CPU
		{BB28E25A-143F-41E1-8969-72F55A86FCA2}.Debug|Any CPU.ActiveCfg = Debug|Any CPU
		{BB28E25A-143F-41E1-8969-72F55A86FCA2}.Debug|Any CPU.Build.0 = Debug|Any CPU
		{BB28E25A-143F-41E1-8969-72F55A86FCA2}.Release|Any CPU.ActiveCfg = Release|Any CPU
		{BB28E25A-143F-41E1-8969-72F55A86FCA2}.Release|Any CPU.Build.0 = Release|Any CPU
		{77ECB91B-C899-464D-B81A-1796A5EF5A60}.Debug|Any CPU.ActiveCfg = Debug|Any CPU
		{77ECB91B-C899-464D-B81A-1796A5EF5A60}.Debug|Any CPU.Build.0 = Debug|Any CPU
		{77ECB91B-C899-464D-B81A-1796A5EF5A60}.Release|Any CPU.ActiveCfg = Release|Any CPU
		{77ECB91B-C899-464D-B81A-1796A5EF5A60}.Release|Any CPU.Build.0 = Release|Any CPU
		{189FEC3C-FA51-45AF-9E65-CF50AB89E792}.Debug|Any CPU.ActiveCfg = Debug|Any CPU
		{189FEC3C-FA51-45AF-9E65-CF50AB89E792}.Debug|Any CPU.Build.0 = Debug|Any CPU
		{189FEC3C-FA51-45AF-9E65-CF50AB89E792}.Release|Any CPU.ActiveCfg = Release|Any CPU
		{189FEC3C-FA51-45AF-9E65-CF50AB89E792}.Release|Any CPU.Build.0 = Release|Any CPU
		{67D416F0-26A6-43F0-A4C4-D581F20BD26C}.Debug|Any CPU.ActiveCfg = Debug|Any CPU
		{67D416F0-26A6-43F0-A4C4-D581F20BD26C}.Debug|Any CPU.Build.0 = Debug|Any CPU
		{67D416F0-26A6-43F0-A4C4-D581F20BD26C}.Release|Any CPU.ActiveCfg = Release|Any CPU
		{67D416F0-26A6-43F0-A4C4-D581F20BD26C}.Release|Any CPU.Build.0 = Release|Any CPU
		{B49D7CB8-16AC-484F-8506-4C53D23C2B57}.Debug|Any CPU.ActiveCfg = Debug|Any CPU
		{B49D7CB8-16AC-484F-8506-4C53D23C2B57}.Debug|Any CPU.Build.0 = Debug|Any CPU
		{B49D7CB8-16AC-484F-8506-4C53D23C2B57}.Release|Any CPU.ActiveCfg = Release|Any CPU
		{B49D7CB8-16AC-484F-8506-4C53D23C2B57}.Release|Any CPU.Build.0 = Release|Any CPU
		{733E1B1A-3AAE-4BA4-B38D-3E0F22B5FDD3}.Debug|Any CPU.ActiveCfg = Debug|Any CPU
		{733E1B1A-3AAE-4BA4-B38D-3E0F22B5FDD3}.Debug|Any CPU.Build.0 = Debug|Any CPU
		{733E1B1A-3AAE-4BA4-B38D-3E0F22B5FDD3}.Release|Any CPU.ActiveCfg = Release|Any CPU
		{733E1B1A-3AAE-4BA4-B38D-3E0F22B5FDD3}.Release|Any CPU.Build.0 = Release|Any CPU
		{03E27084-5B22-4314-AD63-EAD33E1BB523}.Debug|Any CPU.ActiveCfg = Debug|Any CPU
		{03E27084-5B22-4314-AD63-EAD33E1BB523}.Debug|Any CPU.Build.0 = Debug|Any CPU
		{03E27084-5B22-4314-AD63-EAD33E1BB523}.Release|Any CPU.ActiveCfg = Release|Any CPU
		{03E27084-5B22-4314-AD63-EAD33E1BB523}.Release|Any CPU.Build.0 = Release|Any CPU
		{444F4218-BF28-435A-B092-8D20B19F81B6}.Debug|Any CPU.ActiveCfg = Debug|Any CPU
		{444F4218-BF28-435A-B092-8D20B19F81B6}.Debug|Any CPU.Build.0 = Debug|Any CPU
		{444F4218-BF28-435A-B092-8D20B19F81B6}.Release|Any CPU.ActiveCfg = Release|Any CPU
		{444F4218-BF28-435A-B092-8D20B19F81B6}.Release|Any CPU.Build.0 = Release|Any CPU
		{46EC339C-A738-48AC-B810-EDEFFFB4BA1B}.Debug|Any CPU.ActiveCfg = Debug|Any CPU
		{46EC339C-A738-48AC-B810-EDEFFFB4BA1B}.Debug|Any CPU.Build.0 = Debug|Any CPU
		{46EC339C-A738-48AC-B810-EDEFFFB4BA1B}.Release|Any CPU.ActiveCfg = Release|Any CPU
		{46EC339C-A738-48AC-B810-EDEFFFB4BA1B}.Release|Any CPU.Build.0 = Release|Any CPU
		{AAE21713-59B1-4717-AF22-C5D59F4BCA2E}.Debug|Any CPU.ActiveCfg = Debug|Any CPU
		{AAE21713-59B1-4717-AF22-C5D59F4BCA2E}.Debug|Any CPU.Build.0 = Debug|Any CPU
		{AAE21713-59B1-4717-AF22-C5D59F4BCA2E}.Release|Any CPU.ActiveCfg = Release|Any CPU
		{AAE21713-59B1-4717-AF22-C5D59F4BCA2E}.Release|Any CPU.Build.0 = Release|Any CPU
		{95F9D47D-F4B2-415A-BD68-CAFFDB7F51A8}.Debug|Any CPU.ActiveCfg = Debug|Any CPU
		{95F9D47D-F4B2-415A-BD68-CAFFDB7F51A8}.Debug|Any CPU.Build.0 = Debug|Any CPU
		{95F9D47D-F4B2-415A-BD68-CAFFDB7F51A8}.Release|Any CPU.ActiveCfg = Release|Any CPU
		{95F9D47D-F4B2-415A-BD68-CAFFDB7F51A8}.Release|Any CPU.Build.0 = Release|Any CPU
		{E0F29FEC-74C4-432E-9087-710079B5C9BA}.Debug|Any CPU.ActiveCfg = Debug|Any CPU
		{E0F29FEC-74C4-432E-9087-710079B5C9BA}.Debug|Any CPU.Build.0 = Debug|Any CPU
		{E0F29FEC-74C4-432E-9087-710079B5C9BA}.Release|Any CPU.ActiveCfg = Release|Any CPU
		{E0F29FEC-74C4-432E-9087-710079B5C9BA}.Release|Any CPU.Build.0 = Release|Any CPU
		{3A56DBEB-BF37-4029-A91A-2F27AE4CD405}.Debug|Any CPU.ActiveCfg = Debug|Any CPU
		{3A56DBEB-BF37-4029-A91A-2F27AE4CD405}.Debug|Any CPU.Build.0 = Debug|Any CPU
		{3A56DBEB-BF37-4029-A91A-2F27AE4CD405}.Release|Any CPU.ActiveCfg = Release|Any CPU
		{3A56DBEB-BF37-4029-A91A-2F27AE4CD405}.Release|Any CPU.Build.0 = Release|Any CPU
		{A6170652-5A3E-43D4-91D1-34D293023D6F}.Debug|Any CPU.ActiveCfg = Debug|Any CPU
		{A6170652-5A3E-43D4-91D1-34D293023D6F}.Debug|Any CPU.Build.0 = Debug|Any CPU
		{A6170652-5A3E-43D4-91D1-34D293023D6F}.Release|Any CPU.ActiveCfg = Release|Any CPU
		{A6170652-5A3E-43D4-91D1-34D293023D6F}.Release|Any CPU.Build.0 = Release|Any CPU
		{A2565032-BC59-421E-B457-DE65F683FB34}.Debug|Any CPU.ActiveCfg = Debug|Any CPU
		{A2565032-BC59-421E-B457-DE65F683FB34}.Debug|Any CPU.Build.0 = Debug|Any CPU
		{A2565032-BC59-421E-B457-DE65F683FB34}.Release|Any CPU.ActiveCfg = Release|Any CPU
		{A2565032-BC59-421E-B457-DE65F683FB34}.Release|Any CPU.Build.0 = Release|Any CPU
		{762B1D2F-3772-4746-84AE-7184F1A34F5B}.Debug|Any CPU.ActiveCfg = Debug|Any CPU
		{762B1D2F-3772-4746-84AE-7184F1A34F5B}.Debug|Any CPU.Build.0 = Debug|Any CPU
		{762B1D2F-3772-4746-84AE-7184F1A34F5B}.Release|Any CPU.ActiveCfg = Release|Any CPU
		{762B1D2F-3772-4746-84AE-7184F1A34F5B}.Release|Any CPU.Build.0 = Release|Any CPU
		{58A91DA4-256E-4C16-8F4D-31A99F049884}.Debug|Any CPU.ActiveCfg = Debug|Any CPU
		{58A91DA4-256E-4C16-8F4D-31A99F049884}.Debug|Any CPU.Build.0 = Debug|Any CPU
		{58A91DA4-256E-4C16-8F4D-31A99F049884}.Release|Any CPU.ActiveCfg = Release|Any CPU
		{58A91DA4-256E-4C16-8F4D-31A99F049884}.Release|Any CPU.Build.0 = Release|Any CPU
		{756C1706-86EB-4026-81BD-A5C343700FAC}.Debug|Any CPU.ActiveCfg = Debug|Any CPU
		{756C1706-86EB-4026-81BD-A5C343700FAC}.Debug|Any CPU.Build.0 = Debug|Any CPU
		{756C1706-86EB-4026-81BD-A5C343700FAC}.Release|Any CPU.ActiveCfg = Release|Any CPU
		{756C1706-86EB-4026-81BD-A5C343700FAC}.Release|Any CPU.Build.0 = Release|Any CPU
		{E1E9DAC6-C99F-4553-A486-E84B193A3842}.Debug|Any CPU.ActiveCfg = Debug|Any CPU
		{E1E9DAC6-C99F-4553-A486-E84B193A3842}.Debug|Any CPU.Build.0 = Debug|Any CPU
		{E1E9DAC6-C99F-4553-A486-E84B193A3842}.Release|Any CPU.ActiveCfg = Release|Any CPU
		{E1E9DAC6-C99F-4553-A486-E84B193A3842}.Release|Any CPU.Build.0 = Release|Any CPU
		{E1E05078-64E3-40A4-AF08-290CDE961069}.Debug|Any CPU.ActiveCfg = Debug|Any CPU
		{E1E05078-64E3-40A4-AF08-290CDE961069}.Debug|Any CPU.Build.0 = Debug|Any CPU
		{E1E05078-64E3-40A4-AF08-290CDE961069}.Release|Any CPU.ActiveCfg = Release|Any CPU
		{E1E05078-64E3-40A4-AF08-290CDE961069}.Release|Any CPU.Build.0 = Release|Any CPU
		{C7D3043F-FA54-4677-A415-23DDD91890BE}.Debug|Any CPU.ActiveCfg = Debug|Any CPU
		{C7D3043F-FA54-4677-A415-23DDD91890BE}.Debug|Any CPU.Build.0 = Debug|Any CPU
		{C7D3043F-FA54-4677-A415-23DDD91890BE}.Release|Any CPU.ActiveCfg = Release|Any CPU
		{C7D3043F-FA54-4677-A415-23DDD91890BE}.Release|Any CPU.Build.0 = Release|Any CPU
		{DAB73E0D-2A75-4871-B528-4F6411A3AAB9}.Debug|Any CPU.ActiveCfg = Debug|Any CPU
		{DAB73E0D-2A75-4871-B528-4F6411A3AAB9}.Debug|Any CPU.Build.0 = Debug|Any CPU
		{DAB73E0D-2A75-4871-B528-4F6411A3AAB9}.Release|Any CPU.ActiveCfg = Release|Any CPU
		{DAB73E0D-2A75-4871-B528-4F6411A3AAB9}.Release|Any CPU.Build.0 = Release|Any CPU
		{5971C3DD-0D04-40C0-AE4E-B0E5A434B5B1}.Debug|Any CPU.ActiveCfg = Debug|Any CPU
		{5971C3DD-0D04-40C0-AE4E-B0E5A434B5B1}.Debug|Any CPU.Build.0 = Debug|Any CPU
		{5971C3DD-0D04-40C0-AE4E-B0E5A434B5B1}.Release|Any CPU.ActiveCfg = Release|Any CPU
		{5971C3DD-0D04-40C0-AE4E-B0E5A434B5B1}.Release|Any CPU.Build.0 = Release|Any CPU
		{A19B22F6-166B-42A4-9610-76502AD4CC47}.Debug|Any CPU.ActiveCfg = Debug|Any CPU
		{A19B22F6-166B-42A4-9610-76502AD4CC47}.Debug|Any CPU.Build.0 = Debug|Any CPU
		{A19B22F6-166B-42A4-9610-76502AD4CC47}.Release|Any CPU.ActiveCfg = Release|Any CPU
		{A19B22F6-166B-42A4-9610-76502AD4CC47}.Release|Any CPU.Build.0 = Release|Any CPU
		{C3B43DD3-D892-4F4A-B5D7-1E27E2039543}.Debug|Any CPU.ActiveCfg = Debug|Any CPU
		{C3B43DD3-D892-4F4A-B5D7-1E27E2039543}.Debug|Any CPU.Build.0 = Debug|Any CPU
		{C3B43DD3-D892-4F4A-B5D7-1E27E2039543}.Release|Any CPU.ActiveCfg = Release|Any CPU
		{C3B43DD3-D892-4F4A-B5D7-1E27E2039543}.Release|Any CPU.Build.0 = Release|Any CPU
		{D85E5388-A1DA-4B4F-BFB7-E9B626947E45}.Debug|Any CPU.ActiveCfg = Debug|Any CPU
		{D85E5388-A1DA-4B4F-BFB7-E9B626947E45}.Debug|Any CPU.Build.0 = Debug|Any CPU
		{D85E5388-A1DA-4B4F-BFB7-E9B626947E45}.Release|Any CPU.ActiveCfg = Release|Any CPU
		{D85E5388-A1DA-4B4F-BFB7-E9B626947E45}.Release|Any CPU.Build.0 = Release|Any CPU
		{2EC1F256-1C15-409C-9F7C-B75495C91C15}.Debug|Any CPU.ActiveCfg = Debug|Any CPU
		{2EC1F256-1C15-409C-9F7C-B75495C91C15}.Debug|Any CPU.Build.0 = Debug|Any CPU
		{2EC1F256-1C15-409C-9F7C-B75495C91C15}.Release|Any CPU.ActiveCfg = Release|Any CPU
		{2EC1F256-1C15-409C-9F7C-B75495C91C15}.Release|Any CPU.Build.0 = Release|Any CPU
	EndGlobalSection
	GlobalSection(SolutionProperties) = preSolution
		HideSolutionNode = FALSE
	EndGlobalSection
EndGlobal
