
Microsoft Visual Studio Solution File, Format Version 12.00
# Visual Studio 2013
VisualStudioVersion = 12.0.21005.1
MinimumVisualStudioVersion = 10.0.40219.1
Project("{FAE04EC0-301F-11D3-BF4B-00C04F79EFBC}") = "01.DocumentSystem", "01.DocumentSystem\01.DocumentSystem.csproj", "{717B74D4-B22B-46DD-9834-66843E4B7001}"
EndProject
Project("{FAE04EC0-301F-11D3-BF4B-00C04F79EFBC}") = "02.AcademyGeometry", "02.AcademyGeometry\02.AcademyGeometry.csproj", "{6E9FB51A-F891-4399-B4BD-ABEF42874115}"
EndProject
Project("{FAE04EC0-301F-11D3-BF4B-00C04F79EFBC}") = "03.HTMLRenderer", "03.HTMLRenderer\03.HTMLRenderer.csproj", "{40658AC3-1552-4C6E-8D36-BF52BDC66CAF}"
EndProject
Project("{FAE04EC0-301F-11D3-BF4B-00C04F79EFBC}") = "04.AcademyEcosystem", "04.AcademyEcosystem\04.AcademyEcosystem.csproj", "{54BE19F6-8DCE-47D7-9C49-867CBF5AA157}"
EndProject
Project("{FAE04EC0-301F-11D3-BF4B-00C04F79EFBC}") = "05.SoftwareAcademy", "05.SoftwareAcademy\05.SoftwareAcademy.csproj", "{F253F1E1-AAA9-4B5F-B0C1-8AE0A2710018}"
EndProject
Project("{FAE04EC0-301F-11D3-BF4B-00C04F79EFBC}") = "06.AcademyRPG", "06.AcademyRPG\06.AcademyRPG.csproj", "{6B719F87-1096-4A84-88DF-6E193B3AD2BB}"
EndProject
Global
	GlobalSection(SolutionConfigurationPlatforms) = preSolution
		Debug|Any CPU = Debug|Any CPU
		Release|Any CPU = Release|Any CPU
	EndGlobalSection
	GlobalSection(ProjectConfigurationPlatforms) = postSolution
		{717B74D4-B22B-46DD-9834-66843E4B7001}.Debug|Any CPU.ActiveCfg = Debug|Any CPU
		{717B74D4-B22B-46DD-9834-66843E4B7001}.Debug|Any CPU.Build.0 = Debug|Any CPU
		{717B74D4-B22B-46DD-9834-66843E4B7001}.Release|Any CPU.ActiveCfg = Release|Any CPU
		{717B74D4-B22B-46DD-9834-66843E4B7001}.Release|Any CPU.Build.0 = Release|Any CPU
		{6E9FB51A-F891-4399-B4BD-ABEF42874115}.Debug|Any CPU.ActiveCfg = Debug|Any CPU
		{6E9FB51A-F891-4399-B4BD-ABEF42874115}.Debug|Any CPU.Build.0 = Debug|Any CPU
		{6E9FB51A-F891-4399-B4BD-ABEF42874115}.Release|Any CPU.ActiveCfg = Release|Any CPU
		{6E9FB51A-F891-4399-B4BD-ABEF42874115}.Release|Any CPU.Build.0 = Release|Any CPU
		{40658AC3-1552-4C6E-8D36-BF52BDC66CAF}.Debug|Any CPU.ActiveCfg = Debug|Any CPU
		{40658AC3-1552-4C6E-8D36-BF52BDC66CAF}.Debug|Any CPU.Build.0 = Debug|Any CPU
		{40658AC3-1552-4C6E-8D36-BF52BDC66CAF}.Release|Any CPU.ActiveCfg = Release|Any CPU
		{40658AC3-1552-4C6E-8D36-BF52BDC66CAF}.Release|Any CPU.Build.0 = Release|Any CPU
		{54BE19F6-8DCE-47D7-9C49-867CBF5AA157}.Debug|Any CPU.ActiveCfg = Debug|Any CPU
		{54BE19F6-8DCE-47D7-9C49-867CBF5AA157}.Debug|Any CPU.Build.0 = Debug|Any CPU
		{54BE19F6-8DCE-47D7-9C49-867CBF5AA157}.Release|Any CPU.ActiveCfg = Release|Any CPU
		{54BE19F6-8DCE-47D7-9C49-867CBF5AA157}.Release|Any CPU.Build.0 = Release|Any CPU
		{F253F1E1-AAA9-4B5F-B0C1-8AE0A2710018}.Debug|Any CPU.ActiveCfg = Debug|Any CPU
		{F253F1E1-AAA9-4B5F-B0C1-8AE0A2710018}.Debug|Any CPU.Build.0 = Debug|Any CPU
		{F253F1E1-AAA9-4B5F-B0C1-8AE0A2710018}.Release|Any CPU.ActiveCfg = Release|Any CPU
		{F253F1E1-AAA9-4B5F-B0C1-8AE0A2710018}.Release|Any CPU.Build.0 = Release|Any CPU
		{6B719F87-1096-4A84-88DF-6E193B3AD2BB}.Debug|Any CPU.ActiveCfg = Debug|Any CPU
		{6B719F87-1096-4A84-88DF-6E193B3AD2BB}.Debug|Any CPU.Build.0 = Debug|Any CPU
		{6B719F87-1096-4A84-88DF-6E193B3AD2BB}.Release|Any CPU.ActiveCfg = Release|Any CPU
		{6B719F87-1096-4A84-88DF-6E193B3AD2BB}.Release|Any CPU.Build.0 = Release|Any CPU
	EndGlobalSection
	GlobalSection(SolutionProperties) = preSolution
		HideSolutionNode = FALSE
	EndGlobalSection
EndGlobal
