
Microsoft Visual Studio Solution File, Format Version 12.00
# Visual Studio 2012
Project("{FAE04EC0-301F-11D3-BF4B-00C04F79EFBC}") = "KaspichanNumbers", "01.KaspichanNumbers\KaspichanNumbers.csproj", "{025A7599-2BDF-49F0-865A-E77965C290C7}"
EndProject
Project("{FAE04EC0-301F-11D3-BF4B-00C04F79EFBC}") = "GreedyDwarf", "02.GreedyDwarf\GreedyDwarf.csproj", "{0CF04CB8-4110-4DCB-8EEA-A113255E1187}"
EndProject
Project("{FAE04EC0-301F-11D3-BF4B-00C04F79EFBC}") = "BasicLanguage", "BasicLanguage\BasicLanguage.csproj", "{8395EEAD-36C4-4384-82A4-8389EDBD90A6}"
EndProject
Project("{FAE04EC0-301F-11D3-BF4B-00C04F79EFBC}") = "MessageInABottle", "MessageInABottle\MessageInABottle.csproj", "{A9AD0DE5-815C-46B1-B61E-DE3F9F9D9B52}"
EndProject
Project("{FAE04EC0-301F-11D3-BF4B-00C04F79EFBC}") = "DurankolakNumbers", "DurankolakNumbers\DurankolakNumbers.csproj", "{F65DB272-5BCC-4B4E-9B9D-6C3EFF68AFAC}"
EndProject
Project("{FAE04EC0-301F-11D3-BF4B-00C04F79EFBC}") = "LargestArrea", "LargestArrea\LargestArrea.csproj", "{7396C5B4-E77D-4061-9409-98D55CC4102A}"
EndProject
Project("{FAE04EC0-301F-11D3-BF4B-00C04F79EFBC}") = "GenomeDecoder", "GenomeDecoder\GenomeDecoder.csproj", "{CCF0E569-7161-4625-B173-7C8AD0F00CBF}"
EndProject
Project("{FAE04EC0-301F-11D3-BF4B-00C04F79EFBC}") = "9GaGNumbers", "9GaGNumbers\9GaGNumbers.csproj", "{702B0D88-82FE-4A3F-B945-A7DB4F4209B3}"
EndProject
Project("{FAE04EC0-301F-11D3-BF4B-00C04F79EFBC}") = "SpecialValue", "SpecialValue\SpecialValue.csproj", "{7C03CE3E-96F6-462E-ADA1-A075B0E61614}"
EndProject
Project("{FAE04EC0-301F-11D3-BF4B-00C04F79EFBC}") = "Slides", "Slides\Slides.csproj", "{58D3BD8E-CC73-4649-8C0D-E37923B166C7}"
EndProject
Project("{FAE04EC0-301F-11D3-BF4B-00C04F79EFBC}") = "exercise", "exercise\exercise.csproj", "{21D8FA53-1598-41FD-B941-4E1671B68FF9}"
EndProject
Project("{FAE04EC0-301F-11D3-BF4B-00C04F79EFBC}") = "Laser", "Laser\Laser.csproj", "{492C90D3-54F6-44F3-8490-DD0CACB0435E}"
EndProject
Project("{FAE04EC0-301F-11D3-BF4B-00C04F79EFBC}") = "KukataIsDancing", "KukataIsDancing\KukataIsDancing.csproj", "{ADDFA680-F9F9-4707-94F7-0949FA01934B}"
EndProject
Project("{FAE04EC0-301F-11D3-BF4B-00C04F79EFBC}") = "CSharpBrackets", "CSharpBrackets\CSharpBrackets.csproj", "{C6C17F86-AEED-4FC9-895D-0BD974BE3E4D}"
EndProject
Project("{FAE04EC0-301F-11D3-BF4B-00C04F79EFBC}") = "FakeTextMarkupLanguage", "FakeTextMarkupLanguage\FakeTextMarkupLanguage.csproj", "{6CAE888B-CFCE-42AD-A693-99821E04A2AD}"
EndProject
Project("{FAE04EC0-301F-11D3-BF4B-00C04F79EFBC}") = "3DStars", "3DStars\3DStars.csproj", "{184D833F-5D32-4427-B6BF-505B2B71C508}"
EndProject
Global
	GlobalSection(SolutionConfigurationPlatforms) = preSolution
		Debug|Any CPU = Debug|Any CPU
		Release|Any CPU = Release|Any CPU
	EndGlobalSection
	GlobalSection(ProjectConfigurationPlatforms) = postSolution
		{025A7599-2BDF-49F0-865A-E77965C290C7}.Debug|Any CPU.ActiveCfg = Debug|Any CPU
		{025A7599-2BDF-49F0-865A-E77965C290C7}.Debug|Any CPU.Build.0 = Debug|Any CPU
		{025A7599-2BDF-49F0-865A-E77965C290C7}.Release|Any CPU.ActiveCfg = Release|Any CPU
		{025A7599-2BDF-49F0-865A-E77965C290C7}.Release|Any CPU.Build.0 = Release|Any CPU
		{0CF04CB8-4110-4DCB-8EEA-A113255E1187}.Debug|Any CPU.ActiveCfg = Debug|Any CPU
		{0CF04CB8-4110-4DCB-8EEA-A113255E1187}.Debug|Any CPU.Build.0 = Debug|Any CPU
		{0CF04CB8-4110-4DCB-8EEA-A113255E1187}.Release|Any CPU.ActiveCfg = Release|Any CPU
		{0CF04CB8-4110-4DCB-8EEA-A113255E1187}.Release|Any CPU.Build.0 = Release|Any CPU
		{8395EEAD-36C4-4384-82A4-8389EDBD90A6}.Debug|Any CPU.ActiveCfg = Debug|Any CPU
		{8395EEAD-36C4-4384-82A4-8389EDBD90A6}.Debug|Any CPU.Build.0 = Debug|Any CPU
		{8395EEAD-36C4-4384-82A4-8389EDBD90A6}.Release|Any CPU.ActiveCfg = Release|Any CPU
		{8395EEAD-36C4-4384-82A4-8389EDBD90A6}.Release|Any CPU.Build.0 = Release|Any CPU
		{A9AD0DE5-815C-46B1-B61E-DE3F9F9D9B52}.Debug|Any CPU.ActiveCfg = Debug|Any CPU
		{A9AD0DE5-815C-46B1-B61E-DE3F9F9D9B52}.Debug|Any CPU.Build.0 = Debug|Any CPU
		{A9AD0DE5-815C-46B1-B61E-DE3F9F9D9B52}.Release|Any CPU.ActiveCfg = Release|Any CPU
		{A9AD0DE5-815C-46B1-B61E-DE3F9F9D9B52}.Release|Any CPU.Build.0 = Release|Any CPU
		{F65DB272-5BCC-4B4E-9B9D-6C3EFF68AFAC}.Debug|Any CPU.ActiveCfg = Debug|Any CPU
		{F65DB272-5BCC-4B4E-9B9D-6C3EFF68AFAC}.Debug|Any CPU.Build.0 = Debug|Any CPU
		{F65DB272-5BCC-4B4E-9B9D-6C3EFF68AFAC}.Release|Any CPU.ActiveCfg = Release|Any CPU
		{F65DB272-5BCC-4B4E-9B9D-6C3EFF68AFAC}.Release|Any CPU.Build.0 = Release|Any CPU
		{7396C5B4-E77D-4061-9409-98D55CC4102A}.Debug|Any CPU.ActiveCfg = Debug|Any CPU
		{7396C5B4-E77D-4061-9409-98D55CC4102A}.Debug|Any CPU.Build.0 = Debug|Any CPU
		{7396C5B4-E77D-4061-9409-98D55CC4102A}.Release|Any CPU.ActiveCfg = Release|Any CPU
		{7396C5B4-E77D-4061-9409-98D55CC4102A}.Release|Any CPU.Build.0 = Release|Any CPU
		{CCF0E569-7161-4625-B173-7C8AD0F00CBF}.Debug|Any CPU.ActiveCfg = Debug|Any CPU
		{CCF0E569-7161-4625-B173-7C8AD0F00CBF}.Debug|Any CPU.Build.0 = Debug|Any CPU
		{CCF0E569-7161-4625-B173-7C8AD0F00CBF}.Release|Any CPU.ActiveCfg = Release|Any CPU
		{CCF0E569-7161-4625-B173-7C8AD0F00CBF}.Release|Any CPU.Build.0 = Release|Any CPU
		{702B0D88-82FE-4A3F-B945-A7DB4F4209B3}.Debug|Any CPU.ActiveCfg = Debug|Any CPU
		{702B0D88-82FE-4A3F-B945-A7DB4F4209B3}.Debug|Any CPU.Build.0 = Debug|Any CPU
		{702B0D88-82FE-4A3F-B945-A7DB4F4209B3}.Release|Any CPU.ActiveCfg = Release|Any CPU
		{702B0D88-82FE-4A3F-B945-A7DB4F4209B3}.Release|Any CPU.Build.0 = Release|Any CPU
		{7C03CE3E-96F6-462E-ADA1-A075B0E61614}.Debug|Any CPU.ActiveCfg = Debug|Any CPU
		{7C03CE3E-96F6-462E-ADA1-A075B0E61614}.Debug|Any CPU.Build.0 = Debug|Any CPU
		{7C03CE3E-96F6-462E-ADA1-A075B0E61614}.Release|Any CPU.ActiveCfg = Release|Any CPU
		{7C03CE3E-96F6-462E-ADA1-A075B0E61614}.Release|Any CPU.Build.0 = Release|Any CPU
		{58D3BD8E-CC73-4649-8C0D-E37923B166C7}.Debug|Any CPU.ActiveCfg = Debug|Any CPU
		{58D3BD8E-CC73-4649-8C0D-E37923B166C7}.Debug|Any CPU.Build.0 = Debug|Any CPU
		{58D3BD8E-CC73-4649-8C0D-E37923B166C7}.Release|Any CPU.ActiveCfg = Release|Any CPU
		{58D3BD8E-CC73-4649-8C0D-E37923B166C7}.Release|Any CPU.Build.0 = Release|Any CPU
		{21D8FA53-1598-41FD-B941-4E1671B68FF9}.Debug|Any CPU.ActiveCfg = Debug|Any CPU
		{21D8FA53-1598-41FD-B941-4E1671B68FF9}.Debug|Any CPU.Build.0 = Debug|Any CPU
		{21D8FA53-1598-41FD-B941-4E1671B68FF9}.Release|Any CPU.ActiveCfg = Release|Any CPU
		{21D8FA53-1598-41FD-B941-4E1671B68FF9}.Release|Any CPU.Build.0 = Release|Any CPU
		{492C90D3-54F6-44F3-8490-DD0CACB0435E}.Debug|Any CPU.ActiveCfg = Debug|Any CPU
		{492C90D3-54F6-44F3-8490-DD0CACB0435E}.Debug|Any CPU.Build.0 = Debug|Any CPU
		{492C90D3-54F6-44F3-8490-DD0CACB0435E}.Release|Any CPU.ActiveCfg = Release|Any CPU
		{492C90D3-54F6-44F3-8490-DD0CACB0435E}.Release|Any CPU.Build.0 = Release|Any CPU
		{ADDFA680-F9F9-4707-94F7-0949FA01934B}.Debug|Any CPU.ActiveCfg = Debug|Any CPU
		{ADDFA680-F9F9-4707-94F7-0949FA01934B}.Debug|Any CPU.Build.0 = Debug|Any CPU
		{ADDFA680-F9F9-4707-94F7-0949FA01934B}.Release|Any CPU.ActiveCfg = Release|Any CPU
		{ADDFA680-F9F9-4707-94F7-0949FA01934B}.Release|Any CPU.Build.0 = Release|Any CPU
		{C6C17F86-AEED-4FC9-895D-0BD974BE3E4D}.Debug|Any CPU.ActiveCfg = Debug|Any CPU
		{C6C17F86-AEED-4FC9-895D-0BD974BE3E4D}.Debug|Any CPU.Build.0 = Debug|Any CPU
		{C6C17F86-AEED-4FC9-895D-0BD974BE3E4D}.Release|Any CPU.ActiveCfg = Release|Any CPU
		{C6C17F86-AEED-4FC9-895D-0BD974BE3E4D}.Release|Any CPU.Build.0 = Release|Any CPU
		{6CAE888B-CFCE-42AD-A693-99821E04A2AD}.Debug|Any CPU.ActiveCfg = Debug|Any CPU
		{6CAE888B-CFCE-42AD-A693-99821E04A2AD}.Debug|Any CPU.Build.0 = Debug|Any CPU
		{6CAE888B-CFCE-42AD-A693-99821E04A2AD}.Release|Any CPU.ActiveCfg = Release|Any CPU
		{6CAE888B-CFCE-42AD-A693-99821E04A2AD}.Release|Any CPU.Build.0 = Release|Any CPU
		{184D833F-5D32-4427-B6BF-505B2B71C508}.Debug|Any CPU.ActiveCfg = Debug|Any CPU
		{184D833F-5D32-4427-B6BF-505B2B71C508}.Debug|Any CPU.Build.0 = Debug|Any CPU
		{184D833F-5D32-4427-B6BF-505B2B71C508}.Release|Any CPU.ActiveCfg = Release|Any CPU
		{184D833F-5D32-4427-B6BF-505B2B71C508}.Release|Any CPU.Build.0 = Release|Any CPU
	EndGlobalSection
	GlobalSection(SolutionProperties) = preSolution
		HideSolutionNode = FALSE
	EndGlobalSection
EndGlobal
